
Microsoft Visual Studio Solution File, Format Version 12.00
# Visual Studio 15
Project("{FAE04EC0-301F-11D3-BF4B-00C04F79EFBC}") = "Task_02", "Task_02.csproj", "{DC7DE9DB-6A3A-4FFC-A5A7-A955AA95793B}"
EndProject
Global
	GlobalSection(SolutionConfigurationPlatforms) = preSolution
		Debug|Any CPU = Debug|Any CPU
		Release|Any CPU = Release|Any CPU
	EndGlobalSection
	GlobalSection(ProjectConfigurationPlatforms) = postSolution
		{DC7DE9DB-6A3A-4FFC-A5A7-A955AA95793B}.Debug|Any CPU.ActiveCfg = Debug|Any CPU
		{DC7DE9DB-6A3A-4FFC-A5A7-A955AA95793B}.Debug|Any CPU.Build.0 = Debug|Any CPU
		{DC7DE9DB-6A3A-4FFC-A5A7-A955AA95793B}.Release|Any CPU.ActiveCfg = Release|Any CPU
		{DC7DE9DB-6A3A-4FFC-A5A7-A955AA95793B}.Release|Any CPU.Build.0 = Release|Any CPU
	EndGlobalSection
EndGlobal
